// !$*UTF8*$!
{
	archiveVersion = 1;
	classes = {
	};
	objectVersion = 50;
	objects = {

/* Begin PBXBuildFile section */
		8AEC9F002363874E000665B0 /* AppDelegate.swift in Sources */ = {isa = PBXBuildFile; fileRef = 8AEC9EFF2363874E000665B0 /* AppDelegate.swift */; };
		8AEC9F022363874E000665B0 /* SceneDelegate.swift in Sources */ = {isa = PBXBuildFile; fileRef = 8AEC9F012363874E000665B0 /* SceneDelegate.swift */; };
		8AEC9F072363874E000665B0 /* Main.storyboard in Resources */ = {isa = PBXBuildFile; fileRef = 8AEC9F052363874E000665B0 /* Main.storyboard */; };
		8AEC9F0923638751000665B0 /* Assets.xcassets in Resources */ = {isa = PBXBuildFile; fileRef = 8AEC9F0823638751000665B0 /* Assets.xcassets */; };
		8AEC9F0C23638751000665B0 /* LaunchScreen.storyboard in Resources */ = {isa = PBXBuildFile; fileRef = 8AEC9F0A23638751000665B0 /* LaunchScreen.storyboard */; };
		8AEC9F1723638751000665B0 /* ColorsTests.swift in Sources */ = {isa = PBXBuildFile; fileRef = 8AEC9F1623638751000665B0 /* ColorsTests.swift */; };
		8AEC9F2223638751000665B0 /* ColorsUITests.swift in Sources */ = {isa = PBXBuildFile; fileRef = 8AEC9F2123638751000665B0 /* ColorsUITests.swift */; };
		8AEC9F30236387B6000665B0 /* ColorsViewController.swift in Sources */ = {isa = PBXBuildFile; fileRef = 8AEC9F2F236387B6000665B0 /* ColorsViewController.swift */; };
/* End PBXBuildFile section */

/* Begin PBXContainerItemProxy section */
		8AEC9F1323638751000665B0 /* PBXContainerItemProxy */ = {
			isa = PBXContainerItemProxy;
			containerPortal = 8AEC9EF42363874E000665B0 /* Project object */;
			proxyType = 1;
			remoteGlobalIDString = 8AEC9EFB2363874E000665B0;
			remoteInfo = Colors;
		};
		8AEC9F1E23638751000665B0 /* PBXContainerItemProxy */ = {
			isa = PBXContainerItemProxy;
			containerPortal = 8AEC9EF42363874E000665B0 /* Project object */;
			proxyType = 1;
			remoteGlobalIDString = 8AEC9EFB2363874E000665B0;
			remoteInfo = Colors;
		};
/* End PBXContainerItemProxy section */

/* Begin PBXFileReference section */
		8AEC9EFC2363874E000665B0 /* Colors.app */ = {isa = PBXFileReference; explicitFileType = wrapper.application; includeInIndex = 0; path = Colors.app; sourceTree = BUILT_PRODUCTS_DIR; };
		8AEC9EFF2363874E000665B0 /* AppDelegate.swift */ = {isa = PBXFileReference; lastKnownFileType = sourcecode.swift; path = AppDelegate.swift; sourceTree = "<group>"; };
		8AEC9F012363874E000665B0 /* SceneDelegate.swift */ = {isa = PBXFileReference; lastKnownFileType = sourcecode.swift; path = SceneDelegate.swift; sourceTree = "<group>"; };
		8AEC9F062363874E000665B0 /* Base */ = {isa = PBXFileReference; lastKnownFileType = file.storyboard; name = Base; path = Base.lproj/Main.storyboard; sourceTree = "<group>"; };
		8AEC9F0823638751000665B0 /* Assets.xcassets */ = {isa = PBXFileReference; lastKnownFileType = folder.assetcatalog; path = Assets.xcassets; sourceTree = "<group>"; };
		8AEC9F0B23638751000665B0 /* Base */ = {isa = PBXFileReference; lastKnownFileType = file.storyboard; name = Base; path = Base.lproj/LaunchScreen.storyboard; sourceTree = "<group>"; };
		8AEC9F0D23638751000665B0 /* Info.plist */ = {isa = PBXFileReference; lastKnownFileType = text.plist.xml; path = Info.plist; sourceTree = "<group>"; };
		8AEC9F1223638751000665B0 /* ColorsTests.xctest */ = {isa = PBXFileReference; explicitFileType = wrapper.cfbundle; includeInIndex = 0; path = ColorsTests.xctest; sourceTree = BUILT_PRODUCTS_DIR; };
		8AEC9F1623638751000665B0 /* ColorsTests.swift */ = {isa = PBXFileReference; lastKnownFileType = sourcecode.swift; path = ColorsTests.swift; sourceTree = "<group>"; };
		8AEC9F1823638751000665B0 /* Info.plist */ = {isa = PBXFileReference; lastKnownFileType = text.plist.xml; path = Info.plist; sourceTree = "<group>"; };
		8AEC9F1D23638751000665B0 /* ColorsUITests.xctest */ = {isa = PBXFileReference; explicitFileType = wrapper.cfbundle; includeInIndex = 0; path = ColorsUITests.xctest; sourceTree = BUILT_PRODUCTS_DIR; };
		8AEC9F2123638751000665B0 /* ColorsUITests.swift */ = {isa = PBXFileReference; lastKnownFileType = sourcecode.swift; path = ColorsUITests.swift; sourceTree = "<group>"; };
		8AEC9F2323638751000665B0 /* Info.plist */ = {isa = PBXFileReference; lastKnownFileType = text.plist.xml; path = Info.plist; sourceTree = "<group>"; };
		8AEC9F2F236387B6000665B0 /* ColorsViewController.swift */ = {isa = PBXFileReference; lastKnownFileType = sourcecode.swift; path = ColorsViewController.swift; sourceTree = "<group>"; };
/* End PBXFileReference section */

/* Begin PBXFrameworksBuildPhase section */
		8AEC9EF92363874E000665B0 /* Frameworks */ = {
			isa = PBXFrameworksBuildPhase;
			buildActionMask = 2147483647;
			files = (
			);
			runOnlyForDeploymentPostprocessing = 0;
		};
		8AEC9F0F23638751000665B0 /* Frameworks */ = {
			isa = PBXFrameworksBuildPhase;
			buildActionMask = 2147483647;
			files = (
			);
			runOnlyForDeploymentPostprocessing = 0;
		};
		8AEC9F1A23638751000665B0 /* Frameworks */ = {
			isa = PBXFrameworksBuildPhase;
			buildActionMask = 2147483647;
			files = (
			);
			runOnlyForDeploymentPostprocessing = 0;
		};
/* End PBXFrameworksBuildPhase section */

/* Begin PBXGroup section */
		8AEC9EF32363874E000665B0 = {
			isa = PBXGroup;
			children = (
				8AEC9EFE2363874E000665B0 /* Colors */,
				8AEC9F1523638751000665B0 /* ColorsTests */,
				8AEC9F2023638751000665B0 /* ColorsUITests */,
				8AEC9EFD2363874E000665B0 /* Products */,
			);
			sourceTree = "<group>";
		};
		8AEC9EFD2363874E000665B0 /* Products */ = {
			isa = PBXGroup;
			children = (
				8AEC9EFC2363874E000665B0 /* Colors.app */,
				8AEC9F1223638751000665B0 /* ColorsTests.xctest */,
				8AEC9F1D23638751000665B0 /* ColorsUITests.xctest */,
			);
			name = Products;
			sourceTree = "<group>";
		};
		8AEC9EFE2363874E000665B0 /* Colors */ = {
			isa = PBXGroup;
			children = (
				8AEC9EFF2363874E000665B0 /* AppDelegate.swift */,
				8AEC9F012363874E000665B0 /* SceneDelegate.swift */,
				8AEC9F052363874E000665B0 /* Main.storyboard */,
				8AEC9F0823638751000665B0 /* Assets.xcassets */,
				8AEC9F0A23638751000665B0 /* LaunchScreen.storyboard */,
				8AEC9F0D23638751000665B0 /* Info.plist */,
				8AEC9F2F236387B6000665B0 /* ColorsViewController.swift */,
			);
			path = Colors;
			sourceTree = "<group>";
		};
		8AEC9F1523638751000665B0 /* ColorsTests */ = {
			isa = PBXGroup;
			children = (
				8AEC9F1623638751000665B0 /* ColorsTests.swift */,
				8AEC9F1823638751000665B0 /* Info.plist */,
			);
			path = ColorsTests;
			sourceTree = "<group>";
		};
		8AEC9F2023638751000665B0 /* ColorsUITests */ = {
			isa = PBXGroup;
			children = (
				8AEC9F2123638751000665B0 /* ColorsUITests.swift */,
				8AEC9F2323638751000665B0 /* Info.plist */,
			);
			path = ColorsUITests;
			sourceTree = "<group>";
		};
/* End PBXGroup section */

/* Begin PBXNativeTarget section */
		8AEC9EFB2363874E000665B0 /* Colors */ = {
			isa = PBXNativeTarget;
			buildConfigurationList = 8AEC9F2623638751000665B0 /* Build configuration list for PBXNativeTarget "Colors" */;
			buildPhases = (
				8AEC9EF82363874E000665B0 /* Sources */,
				8AEC9EF92363874E000665B0 /* Frameworks */,
				8AEC9EFA2363874E000665B0 /* Resources */,
			);
			buildRules = (
			);
			dependencies = (
			);
			name = Colors;
			productName = Colors;
			productReference = 8AEC9EFC2363874E000665B0 /* Colors.app */;
			productType = "com.apple.product-type.application";
		};
		8AEC9F1123638751000665B0 /* ColorsTests */ = {
			isa = PBXNativeTarget;
			buildConfigurationList = 8AEC9F2923638751000665B0 /* Build configuration list for PBXNativeTarget "ColorsTests" */;
			buildPhases = (
				8AEC9F0E23638751000665B0 /* Sources */,
				8AEC9F0F23638751000665B0 /* Frameworks */,
				8AEC9F1023638751000665B0 /* Resources */,
			);
			buildRules = (
			);
			dependencies = (
				8AEC9F1423638751000665B0 /* PBXTargetDependency */,
			);
			name = ColorsTests;
			productName = ColorsTests;
			productReference = 8AEC9F1223638751000665B0 /* ColorsTests.xctest */;
			productType = "com.apple.product-type.bundle.unit-test";
		};
		8AEC9F1C23638751000665B0 /* ColorsUITests */ = {
			isa = PBXNativeTarget;
			buildConfigurationList = 8AEC9F2C23638751000665B0 /* Build configuration list for PBXNativeTarget "ColorsUITests" */;
			buildPhases = (
				8AEC9F1923638751000665B0 /* Sources */,
				8AEC9F1A23638751000665B0 /* Frameworks */,
				8AEC9F1B23638751000665B0 /* Resources */,
			);
			buildRules = (
			);
			dependencies = (
				8AEC9F1F23638751000665B0 /* PBXTargetDependency */,
			);
			name = ColorsUITests;
			productName = ColorsUITests;
			productReference = 8AEC9F1D23638751000665B0 /* ColorsUITests.xctest */;
			productType = "com.apple.product-type.bundle.ui-testing";
		};
/* End PBXNativeTarget section */

/* Begin PBXProject section */
		8AEC9EF42363874E000665B0 /* Project object */ = {
			isa = PBXProject;
			attributes = {
				LastSwiftUpdateCheck = 1110;
				LastUpgradeCheck = 1110;
				ORGANIZATIONNAME = "Andrew Ziber";
				TargetAttributes = {
					8AEC9EFB2363874E000665B0 = {
						CreatedOnToolsVersion = 11.1;
					};
					8AEC9F1123638751000665B0 = {
						CreatedOnToolsVersion = 11.1;
						TestTargetID = 8AEC9EFB2363874E000665B0;
					};
					8AEC9F1C23638751000665B0 = {
						CreatedOnToolsVersion = 11.1;
						TestTargetID = 8AEC9EFB2363874E000665B0;
					};
				};
			};
			buildConfigurationList = 8AEC9EF72363874E000665B0 /* Build configuration list for PBXProject "Colors" */;
			compatibilityVersion = "Xcode 9.3";
			developmentRegion = en;
			hasScannedForEncodings = 0;
			knownRegions = (
				en,
				Base,
			);
			mainGroup = 8AEC9EF32363874E000665B0;
			productRefGroup = 8AEC9EFD2363874E000665B0 /* Products */;
			projectDirPath = "";
			projectRoot = "";
			targets = (
				8AEC9EFB2363874E000665B0 /* Colors */,
				8AEC9F1123638751000665B0 /* ColorsTests */,
				8AEC9F1C23638751000665B0 /* ColorsUITests */,
			);
		};
/* End PBXProject section */

/* Begin PBXResourcesBuildPhase section */
		8AEC9EFA2363874E000665B0 /* Resources */ = {
			isa = PBXResourcesBuildPhase;
			buildActionMask = 2147483647;
			files = (
				8AEC9F0C23638751000665B0 /* LaunchScreen.storyboard in Resources */,
				8AEC9F0923638751000665B0 /* Assets.xcassets in Resources */,
				8AEC9F072363874E000665B0 /* Main.storyboard in Resources */,
			);
			runOnlyForDeploymentPostprocessing = 0;
		};
		8AEC9F1023638751000665B0 /* Resources */ = {
			isa = PBXResourcesBuildPhase;
			buildActionMask = 2147483647;
			files = (
			);
			runOnlyForDeploymentPostprocessing = 0;
		};
		8AEC9F1B23638751000665B0 /* Resources */ = {
			isa = PBXResourcesBuildPhase;
			buildActionMask = 2147483647;
			files = (
			);
			runOnlyForDeploymentPostprocessing = 0;
		};
/* End PBXResourcesBuildPhase section */

/* Begin PBXSourcesBuildPhase section */
		8AEC9EF82363874E000665B0 /* Sources */ = {
			isa = PBXSourcesBuildPhase;
			buildActionMask = 2147483647;
			files = (
				8AEC9F002363874E000665B0 /* AppDelegate.swift in Sources */,
				8AEC9F30236387B6000665B0 /* ColorsViewController.swift in Sources */,
				8AEC9F022363874E000665B0 /* SceneDelegate.swift in Sources */,
			);
			runOnlyForDeploymentPostprocessing = 0;
		};
		8AEC9F0E23638751000665B0 /* Sources */ = {
			isa = PBXSourcesBuildPhase;
			buildActionMask = 2147483647;
			files = (
				8AEC9F1723638751000665B0 /* ColorsTests.swift in Sources */,
			);
			runOnlyForDeploymentPostprocessing = 0;
		};
		8AEC9F1923638751000665B0 /* Sources */ = {
			isa = PBXSourcesBuildPhase;
			buildActionMask = 2147483647;
			files = (
				8AEC9F2223638751000665B0 /* ColorsUITests.swift in Sources */,
			);
			runOnlyForDeploymentPostprocessing = 0;
		};
/* End PBXSourcesBuildPhase section */

/* Begin PBXTargetDependency section */
		8AEC9F1423638751000665B0 /* PBXTargetDependency */ = {
			isa = PBXTargetDependency;
			target = 8AEC9EFB2363874E000665B0 /* Colors */;
			targetProxy = 8AEC9F1323638751000665B0 /* PBXContainerItemProxy */;
		};
		8AEC9F1F23638751000665B0 /* PBXTargetDependency */ = {
			isa = PBXTargetDependency;
			target = 8AEC9EFB2363874E000665B0 /* Colors */;
			targetProxy = 8AEC9F1E23638751000665B0 /* PBXContainerItemProxy */;
		};
/* End PBXTargetDependency section */

/* Begin PBXVariantGroup section */
		8AEC9F052363874E000665B0 /* Main.storyboard */ = {
			isa = PBXVariantGroup;
			children = (
				8AEC9F062363874E000665B0 /* Base */,
			);
			name = Main.storyboard;
			sourceTree = "<group>";
		};
		8AEC9F0A23638751000665B0 /* LaunchScreen.storyboard */ = {
			isa = PBXVariantGroup;
			children = (
				8AEC9F0B23638751000665B0 /* Base */,
			);
			name = LaunchScreen.storyboard;
			sourceTree = "<group>";
		};
/* End PBXVariantGroup section */

/* Begin XCBuildConfiguration section */
		8AEC9F2423638751000665B0 /* Debug */ = {
			isa = XCBuildConfiguration;
			buildSettings = {
				ALWAYS_SEARCH_USER_PATHS = NO;
				CLANG_ANALYZER_NONNULL = YES;
				CLANG_ANALYZER_NUMBER_OBJECT_CONVERSION = YES_AGGRESSIVE;
				CLANG_CXX_LANGUAGE_STANDARD = "gnu++14";
				CLANG_CXX_LIBRARY = "libc++";
				CLANG_ENABLE_MODULES = YES;
				CLANG_ENABLE_OBJC_ARC = YES;
				CLANG_ENABLE_OBJC_WEAK = YES;
				CLANG_WARN_BLOCK_CAPTURE_AUTORELEASING = YES;
				CLANG_WARN_BOOL_CONVERSION = YES;
				CLANG_WARN_COMMA = YES;
				CLANG_WARN_CONSTANT_CONVERSION = YES;
				CLANG_WARN_DEPRECATED_OBJC_IMPLEMENTATIONS = YES;
				CLANG_WARN_DIRECT_OBJC_ISA_USAGE = YES_ERROR;
				CLANG_WARN_DOCUMENTATION_COMMENTS = YES;
				CLANG_WARN_EMPTY_BODY = YES;
				CLANG_WARN_ENUM_CONVERSION = YES;
				CLANG_WARN_INFINITE_RECURSION = YES;
				CLANG_WARN_INT_CONVERSION = YES;
				CLANG_WARN_NON_LITERAL_NULL_CONVERSION = YES;
				CLANG_WARN_OBJC_IMPLICIT_RETAIN_SELF = YES;
				CLANG_WARN_OBJC_LITERAL_CONVERSION = YES;
				CLANG_WARN_OBJC_ROOT_CLASS = YES_ERROR;
				CLANG_WARN_RANGE_LOOP_ANALYSIS = YES;
				CLANG_WARN_STRICT_PROTOTYPES = YES;
				CLANG_WARN_SUSPICIOUS_MOVE = YES;
				CLANG_WARN_UNGUARDED_AVAILABILITY = YES_AGGRESSIVE;
				CLANG_WARN_UNREACHABLE_CODE = YES;
				CLANG_WARN__DUPLICATE_METHOD_MATCH = YES;
				COPY_PHASE_STRIP = NO;
				DEBUG_INFORMATION_FORMAT = dwarf;
				ENABLE_STRICT_OBJC_MSGSEND = YES;
				ENABLE_TESTABILITY = YES;
				GCC_C_LANGUAGE_STANDARD = gnu11;
				GCC_DYNAMIC_NO_PIC = NO;
				GCC_NO_COMMON_BLOCKS = YES;
				GCC_OPTIMIZATION_LEVEL = 0;
				GCC_PREPROCESSOR_DEFINITIONS = (
					"DEBUG=1",
					"$(inherited)",
				);
				GCC_WARN_64_TO_32_BIT_CONVERSION = YES;
				GCC_WARN_ABOUT_RETURN_TYPE = YES_ERROR;
				GCC_WARN_UNDECLARED_SELECTOR = YES;
				GCC_WARN_UNINITIALIZED_AUTOS = YES_AGGRESSIVE;
				GCC_WARN_UNUSED_FUNCTION = YES;
				GCC_WARN_UNUSED_VARIABLE = YES;
				IPHONEOS_DEPLOYMENT_TARGET = 13.1;
				MTL_ENABLE_DEBUG_INFO = INCLUDE_SOURCE;
				MTL_FAST_MATH = YES;
				ONLY_ACTIVE_ARCH = YES;
				SDKROOT = iphoneos;
				SWIFT_ACTIVE_COMPILATION_CONDITIONS = DEBUG;
				SWIFT_OPTIMIZATION_LEVEL = "-Onone";
			};
			name = Debug;
		};
		8AEC9F2523638751000665B0 /* Release */ = {
			isa = XCBuildConfiguration;
			buildSettings = {
				ALWAYS_SEARCH_USER_PATHS = NO;
				CLANG_ANALYZER_NONNULL = YES;
				CLANG_ANALYZER_NUMBER_OBJECT_CONVERSION = YES_AGGRESSIVE;
				CLANG_CXX_LANGUAGE_STANDARD = "gnu++14";
				CLANG_CXX_LIBRARY = "libc++";
				CLANG_ENABLE_MODULES = YES;
				CLANG_ENABLE_OBJC_ARC = YES;
				CLANG_ENABLE_OBJC_WEAK = YES;
				CLANG_WARN_BLOCK_CAPTURE_AUTORELEASING = YES;
				CLANG_WARN_BOOL_CONVERSION = YES;
				CLANG_WARN_COMMA = YES;
				CLANG_WARN_CONSTANT_CONVERSION = YES;
				CLANG_WARN_DEPRECATED_OBJC_IMPLEMENTATIONS = YES;
				CLANG_WARN_DIRECT_OBJC_ISA_USAGE = YES_ERROR;
				CLANG_WARN_DOCUMENTATION_COMMENTS = YES;
				CLANG_WARN_EMPTY_BODY = YES;
				CLANG_WARN_ENUM_CONVERSION = YES;
				CLANG_WARN_INFINITE_RECURSION = YES;
				CLANG_WARN_INT_CONVERSION = YES;
				CLANG_WARN_NON_LITERAL_NULL_CONVERSION = YES;
				CLANG_WARN_OBJC_IMPLICIT_RETAIN_SELF = YES;
				CLANG_WARN_OBJC_LITERAL_CONVERSION = YES;
				CLANG_WARN_OBJC_ROOT_CLASS = YES_ERROR;
				CLANG_WARN_RANGE_LOOP_ANALYSIS = YES;
				CLANG_WARN_STRICT_PROTOTYPES = YES;
				CLANG_WARN_SUSPICIOUS_MOVE = YES;
				CLANG_WARN_UNGUARDED_AVAILABILITY = YES_AGGRESSIVE;
				CLANG_WARN_UNREACHABLE_CODE = YES;
				CLANG_WARN__DUPLICATE_METHOD_MATCH = YES;
				COPY_PHASE_STRIP = NO;
				DEBUG_INFORMATION_FORMAT = "dwarf-with-dsym";
				ENABLE_NS_ASSERTIONS = NO;
				ENABLE_STRICT_OBJC_MSGSEND = YES;
				GCC_C_LANGUAGE_STANDARD = gnu11;
				GCC_NO_COMMON_BLOCKS = YES;
				GCC_WARN_64_TO_32_BIT_CONVERSION = YES;
				GCC_WARN_ABOUT_RETURN_TYPE = YES_ERROR;
				GCC_WARN_UNDECLARED_SELECTOR = YES;
				GCC_WARN_UNINITIALIZED_AUTOS = YES_AGGRESSIVE;
				GCC_WARN_UNUSED_FUNCTION = YES;
				GCC_WARN_UNUSED_VARIABLE = YES;
				IPHONEOS_DEPLOYMENT_TARGET = 13.1;
				MTL_ENABLE_DEBUG_INFO = NO;
				MTL_FAST_MATH = YES;
				SDKROOT = iphoneos;
				SWIFT_COMPILATION_MODE = wholemodule;
				SWIFT_OPTIMIZATION_LEVEL = "-O";
				VALIDATE_PRODUCT = YES;
			};
			name = Release;
		};
		8AEC9F2723638751000665B0 /* Debug */ = {
			isa = XCBuildConfiguration;
			buildSettings = {
				ASSETCATALOG_COMPILER_APPICON_NAME = AppIcon;
				CODE_SIGN_STYLE = Automatic;
				DEVELOPMENT_TEAM = UAF2CJ5Z62;
				INFOPLIST_FILE = Colors/Info.plist;
				LD_RUNPATH_SEARCH_PATHS = (
					"$(inherited)",
					"@executable_path/Frameworks",
				);
				PRODUCT_BUNDLE_IDENTIFIER = edu.missouri.Colors;
				PRODUCT_NAME = "$(TARGET_NAME)";
				SWIFT_VERSION = 5.0;
				TARGETED_DEVICE_FAMILY = "1,2";
			};
			name = Debug;
		};
		8AEC9F2823638751000665B0 /* Release */ = {
			isa = XCBuildConfiguration;
			buildSettings = {
				ASSETCATALOG_COMPILER_APPICON_NAME = AppIcon;
				CODE_SIGN_STYLE = Automatic;
				DEVELOPMENT_TEAM = UAF2CJ5Z62;
				INFOPLIST_FILE = Colors/Info.plist;
				LD_RUNPATH_SEARCH_PATHS = (
					"$(inherited)",
					"@executable_path/Frameworks",
				);
				PRODUCT_BUNDLE_IDENTIFIER = edu.missouri.Colors;
				PRODUCT_NAME = "$(TARGET_NAME)";
				SWIFT_VERSION = 5.0;
				TARGETED_DEVICE_FAMILY = "1,2";
			};
			name = Release;
		};
		8AEC9F2A23638751000665B0 /* Debug */ = {
			isa = XCBuildConfiguration;
			buildSettings = {
				ALWAYS_EMBED_SWIFT_STANDARD_LIBRARIES = YES;
				BUNDLE_LOADER = "$(TEST_HOST)";
				CODE_SIGN_STYLE = Automatic;
				DEVELOPMENT_TEAM = UAF2CJ5Z62;
				INFOPLIST_FILE = ColorsTests/Info.plist;
				IPHONEOS_DEPLOYMENT_TARGET = 13.1;
				LD_RUNPATH_SEARCH_PATHS = (
					"$(inherited)",
					"@executable_path/Frameworks",
					"@loader_path/Frameworks",
				);
				PRODUCT_BUNDLE_IDENTIFIER = edu.missouri.ColorsTests;
				PRODUCT_NAME = "$(TARGET_NAME)";
				SWIFT_VERSION = 5.0;
				TARGETED_DEVICE_FAMILY = "1,2";
				TEST_HOST = "$(BUILT_PRODUCTS_DIR)/Colors.app/Colors";
			};
			name = Debug;
		};
		8AEC9F2B23638751000665B0 /* Release */ = {
			isa = XCBuildConfiguration;
			buildSettings = {
				ALWAYS_EMBED_SWIFT_STANDARD_LIBRARIES = YES;
				BUNDLE_LOADER = "$(TEST_HOST)";
				CODE_SIGN_STYLE = Automatic;
				DEVELOPMENT_TEAM = UAF2CJ5Z62;
				INFOPLIST_FILE = ColorsTests/Info.plist;
				IPHONEOS_DEPLOYMENT_TARGET = 13.1;
				LD_RUNPATH_SEARCH_PATHS = (
					"$(inherited)",
					"@executable_path/Frameworks",
					"@loader_path/Frameworks",
				);
				PRODUCT_BUNDLE_IDENTIFIER = edu.missouri.ColorsTests;
				PRODUCT_NAME = "$(TARGET_NAME)";
				SWIFT_VERSION = 5.0;
				TARGETED_DEVICE_FAMILY = "1,2";
				TEST_HOST = "$(BUILT_PRODUCTS_DIR)/Colors.app/Colors";
			};
			name = Release;
		};
		8AEC9F2D23638751000665B0 /* Debug */ = {
			isa = XCBuildConfiguration;
			buildSettings = {
				ALWAYS_EMBED_SWIFT_STANDARD_LIBRARIES = YES;
				CODE_SIGN_STYLE = Automatic;
				DEVELOPMENT_TEAM = UAF2CJ5Z62;
				INFOPLIST_FILE = ColorsUITests/Info.plist;
				LD_RUNPATH_SEARCH_PATHS = (
					"$(inherited)",
					"@executable_path/Frameworks",
					"@loader_path/Frameworks",
				);
				PRODUCT_BUNDLE_IDENTIFIER = edu.missouri.ColorsUITests;
				PRODUCT_NAME = "$(TARGET_NAME)";
				SWIFT_VERSION = 5.0;
				TARGETED_DEVICE_FAMILY = "1,2";
				TEST_TARGET_NAME = Colors;
			};
			name = Debug;
		};
		8AEC9F2E23638751000665B0 /* Release */ = {
			isa = XCBuildConfiguration;
			buildSettings = {
				ALWAYS_EMBED_SWIFT_STANDARD_LIBRARIES = YES;
				CODE_SIGN_STYLE = Automatic;
				DEVELOPMENT_TEAM = UAF2CJ5Z62;
				INFOPLIST_FILE = ColorsUITests/Info.plist;
				LD_RUNPATH_SEARCH_PATHS = (
					"$(inherited)",
					"@executable_path/Frameworks",
					"@loader_path/Frameworks",
				);
				PRODUCT_BUNDLE_IDENTIFIER = edu.missouri.ColorsUITests;
				PRODUCT_NAME = "$(TARGET_NAME)";
				SWIFT_VERSION = 5.0;
				TARGETED_DEVICE_FAMILY = "1,2";
				TEST_TARGET_NAME = Colors;
			};
			name = Release;
		};
/* End XCBuildConfiguration section */

/* Begin XCConfigurationList section */
		8AEC9EF72363874E000665B0 /* Build configuration list for PBXProject "Colors" */ = {
			isa = XCConfigurationList;
			buildConfigurations = (
				8AEC9F2423638751000665B0 /* Debug */,
				8AEC9F2523638751000665B0 /* Release */,
			);
			defaultConfigurationIsVisible = 0;
			defaultConfigurationName = Release;
		};
		8AEC9F2623638751000665B0 /* Build configuration list for PBXNativeTarget "Colors" */ = {
			isa = XCConfigurationList;
			buildConfigurations = (
				8AEC9F2723638751000665B0 /* Debug */,
				8AEC9F2823638751000665B0 /* Release */,
			);
			defaultConfigurationIsVisible = 0;
			defaultConfigurationName = Release;
		};
		8AEC9F2923638751000665B0 /* Build configuration list for PBXNativeTarget "ColorsTests" */ = {
			isa = XCConfigurationList;
			buildConfigurations = (
				8AEC9F2A23638751000665B0 /* Debug */,
				8AEC9F2B23638751000665B0 /* Release */,
			);
			defaultConfigurationIsVisible = 0;
			defaultConfigurationName = Release;
		};
		8AEC9F2C23638751000665B0 /* Build configuration list for PBXNativeTarget "ColorsUITests" */ = {
			isa = XCConfigurationList;
			buildConfigurations = (
				8AEC9F2D23638751000665B0 /* Debug */,
				8AEC9F2E23638751000665B0 /* Release */,
			);
			defaultConfigurationIsVisible = 0;
			defaultConfigurationName = Release;
		};
/* End XCConfigurationList section */
	};
	rootObject = 8AEC9EF42363874E000665B0 /* Project object */;
}
